{
    "_readme": [
        "This file locks the dependencies of your project to a known state",
        "Read more about it at http://getcomposer.org/doc/01-basic-usage.md#composer-lock-the-lock-file"
    ],
    "hash": "67ba0eec972c1a2f7c87b8e2b58523e9",
    "packages": [
        {
            "name": "cactucs/debugger",
            "version": "dev-master",
            "source": {
                "type": "git",
                "url": "https://github.com/Cactucs/Debugger.git",
                "reference": "2a5dc26ed23ab2cd61af70584a35709223eba82c"
            },
            "dist": {
                "type": "zip",
                "url": "https://api.github.com/repos/Cactucs/Debugger/zipball/2a5dc26ed23ab2cd61af70584a35709223eba82c",
                "reference": "2a5dc26ed23ab2cd61af70584a35709223eba82c",
                "shasum": ""
            },
            "type": "library",
            "notification-url": "https://packagist.org/downloads/",
            "description": "Debug your PHP app with one API for all of the debuggers!",
            "time": "2013-09-19 20:32:44"
        }
    ],
    "packages-dev": [

    ],
    "aliases": [

    ],
    "minimum-stability": "stable",
    "stability-flags": {
        "cactucs/debugger": 20
    },
    "platform": {
        "php": ">= 5.3.0"
    },
    "platform-dev": [

    ]
}
